// !$*UTF8*$!
{
	archiveVersion = 1;
	classes = {
	};
	objectVersion = 50;
	objects = {

/* Begin PBXBuildFile section */
		CF2C520F22A5EF1100309A71 /* AppDelegate.swift in Sources */ = {isa = PBXBuildFile; fileRef = CF2C520E22A5EF1100309A71 /* AppDelegate.swift */; };
		CF2C521122A5EF1100309A71 /* ViewController.swift in Sources */ = {isa = PBXBuildFile; fileRef = CF2C521022A5EF1100309A71 /* ViewController.swift */; };
		CF2C521422A5EF1100309A71 /* Main.storyboard in Resources */ = {isa = PBXBuildFile; fileRef = CF2C521222A5EF1100309A71 /* Main.storyboard */; };
		CF2C521622A5EF1100309A71 /* Assets.xcassets in Resources */ = {isa = PBXBuildFile; fileRef = CF2C521522A5EF1100309A71 /* Assets.xcassets */; };
		CF2C521922A5EF1100309A71 /* LaunchScreen.storyboard in Resources */ = {isa = PBXBuildFile; fileRef = CF2C521722A5EF1100309A71 /* LaunchScreen.storyboard */; };
		CF8A811A22A5F09900A62CE3 /* germany@3x.png in Resources */ = {isa = PBXBuildFile; fileRef = CF8A810222A5F09800A62CE3 /* germany@3x.png */; };
		CF8A811B22A5F09900A62CE3 /* spain@2x.png in Resources */ = {isa = PBXBuildFile; fileRef = CF8A810322A5F09800A62CE3 /* spain@2x.png */; };
		CF8A811C22A5F09900A62CE3 /* nigeria@2x.png in Resources */ = {isa = PBXBuildFile; fileRef = CF8A810422A5F09800A62CE3 /* nigeria@2x.png */; };
		CF8A811D22A5F09900A62CE3 /* monaco@3x.png in Resources */ = {isa = PBXBuildFile; fileRef = CF8A810522A5F09800A62CE3 /* monaco@3x.png */; };
		CF8A811E22A5F09900A62CE3 /* estonia@3x.png in Resources */ = {isa = PBXBuildFile; fileRef = CF8A810622A5F09800A62CE3 /* estonia@3x.png */; };
		CF8A811F22A5F09900A62CE3 /* poland@2x.png in Resources */ = {isa = PBXBuildFile; fileRef = CF8A810722A5F09800A62CE3 /* poland@2x.png */; };
		CF8A812022A5F09900A62CE3 /* nigeria@3x.png in Resources */ = {isa = PBXBuildFile; fileRef = CF8A810822A5F09800A62CE3 /* nigeria@3x.png */; };
		CF8A812122A5F09900A62CE3 /* italy@2x.png in Resources */ = {isa = PBXBuildFile; fileRef = CF8A810922A5F09800A62CE3 /* italy@2x.png */; };
		CF8A812222A5F09900A62CE3 /* germany@2x.png in Resources */ = {isa = PBXBuildFile; fileRef = CF8A810A22A5F09800A62CE3 /* germany@2x.png */; };
		CF8A812322A5F09900A62CE3 /* ireland@2x.png in Resources */ = {isa = PBXBuildFile; fileRef = CF8A810B22A5F09800A62CE3 /* ireland@2x.png */; };
		CF8A812422A5F09900A62CE3 /* poland@3x.png in Resources */ = {isa = PBXBuildFile; fileRef = CF8A810C22A5F09800A62CE3 /* poland@3x.png */; };
		CF8A812522A5F09900A62CE3 /* russia@3x.png in Resources */ = {isa = PBXBuildFile; fileRef = CF8A810D22A5F09800A62CE3 /* russia@3x.png */; };
		CF8A812622A5F09900A62CE3 /* uk@2x.png in Resources */ = {isa = PBXBuildFile; fileRef = CF8A810E22A5F09800A62CE3 /* uk@2x.png */; };
		CF8A812722A5F09900A62CE3 /* monaco@2x.png in Resources */ = {isa = PBXBuildFile; fileRef = CF8A810F22A5F09800A62CE3 /* monaco@2x.png */; };
		CF8A812822A5F09900A62CE3 /* uk@3x.png in Resources */ = {isa = PBXBuildFile; fileRef = CF8A811022A5F09800A62CE3 /* uk@3x.png */; };
		CF8A812922A5F09900A62CE3 /* us@2x.png in Resources */ = {isa = PBXBuildFile; fileRef = CF8A811122A5F09800A62CE3 /* us@2x.png */; };
		CF8A812A22A5F09900A62CE3 /* us@3x.png in Resources */ = {isa = PBXBuildFile; fileRef = CF8A811222A5F09800A62CE3 /* us@3x.png */; };
		CF8A812B22A5F09900A62CE3 /* russia@2x.png in Resources */ = {isa = PBXBuildFile; fileRef = CF8A811322A5F09800A62CE3 /* russia@2x.png */; };
		CF8A812C22A5F09900A62CE3 /* france@3x.png in Resources */ = {isa = PBXBuildFile; fileRef = CF8A811422A5F09800A62CE3 /* france@3x.png */; };
		CF8A812D22A5F09900A62CE3 /* italy@3x.png in Resources */ = {isa = PBXBuildFile; fileRef = CF8A811522A5F09800A62CE3 /* italy@3x.png */; };
		CF8A812E22A5F09900A62CE3 /* spain@3x.png in Resources */ = {isa = PBXBuildFile; fileRef = CF8A811622A5F09800A62CE3 /* spain@3x.png */; };
		CF8A812F22A5F09900A62CE3 /* estonia@2x.png in Resources */ = {isa = PBXBuildFile; fileRef = CF8A811722A5F09900A62CE3 /* estonia@2x.png */; };
		CF8A813022A5F09900A62CE3 /* france@2x.png in Resources */ = {isa = PBXBuildFile; fileRef = CF8A811822A5F09900A62CE3 /* france@2x.png */; };
		CF8A813122A5F09900A62CE3 /* ireland@3x.png in Resources */ = {isa = PBXBuildFile; fileRef = CF8A811922A5F09900A62CE3 /* ireland@3x.png */; };
		CF8A813322A5F81700A62CE3 /* flagViewController.swift in Sources */ = {isa = PBXBuildFile; fileRef = CF8A813222A5F81700A62CE3 /* flagViewController.swift */; };
/* End PBXBuildFile section */

/* Begin PBXFileReference section */
		CF2C520B22A5EF1100309A71 /* flagDisplay.app */ = {isa = PBXFileReference; explicitFileType = wrapper.application; includeInIndex = 0; path = flagDisplay.app; sourceTree = BUILT_PRODUCTS_DIR; };
		CF2C520E22A5EF1100309A71 /* AppDelegate.swift */ = {isa = PBXFileReference; lastKnownFileType = sourcecode.swift; path = AppDelegate.swift; sourceTree = "<group>"; };
		CF2C521022A5EF1100309A71 /* ViewController.swift */ = {isa = PBXFileReference; lastKnownFileType = sourcecode.swift; path = ViewController.swift; sourceTree = "<group>"; };
		CF2C521322A5EF1100309A71 /* Base */ = {isa = PBXFileReference; lastKnownFileType = file.storyboard; name = Base; path = Base.lproj/Main.storyboard; sourceTree = "<group>"; };
		CF2C521522A5EF1100309A71 /* Assets.xcassets */ = {isa = PBXFileReference; lastKnownFileType = folder.assetcatalog; path = Assets.xcassets; sourceTree = "<group>"; };
		CF2C521822A5EF1100309A71 /* Base */ = {isa = PBXFileReference; lastKnownFileType = file.storyboard; name = Base; path = Base.lproj/LaunchScreen.storyboard; sourceTree = "<group>"; };
		CF2C521A22A5EF1100309A71 /* Info.plist */ = {isa = PBXFileReference; lastKnownFileType = text.plist.xml; path = Info.plist; sourceTree = "<group>"; };
		CF8A810222A5F09800A62CE3 /* germany@3x.png */ = {isa = PBXFileReference; lastKnownFileType = image.png; path = "germany@3x.png"; sourceTree = "<group>"; };
		CF8A810322A5F09800A62CE3 /* spain@2x.png */ = {isa = PBXFileReference; lastKnownFileType = image.png; path = "spain@2x.png"; sourceTree = "<group>"; };
		CF8A810422A5F09800A62CE3 /* nigeria@2x.png */ = {isa = PBXFileReference; lastKnownFileType = image.png; path = "nigeria@2x.png"; sourceTree = "<group>"; };
		CF8A810522A5F09800A62CE3 /* monaco@3x.png */ = {isa = PBXFileReference; lastKnownFileType = image.png; path = "monaco@3x.png"; sourceTree = "<group>"; };
		CF8A810622A5F09800A62CE3 /* estonia@3x.png */ = {isa = PBXFileReference; lastKnownFileType = image.png; path = "estonia@3x.png"; sourceTree = "<group>"; };
		CF8A810722A5F09800A62CE3 /* poland@2x.png */ = {isa = PBXFileReference; lastKnownFileType = image.png; path = "poland@2x.png"; sourceTree = "<group>"; };
		CF8A810822A5F09800A62CE3 /* nigeria@3x.png */ = {isa = PBXFileReference; lastKnownFileType = image.png; path = "nigeria@3x.png"; sourceTree = "<group>"; };
		CF8A810922A5F09800A62CE3 /* italy@2x.png */ = {isa = PBXFileReference; lastKnownFileType = image.png; path = "italy@2x.png"; sourceTree = "<group>"; };
		CF8A810A22A5F09800A62CE3 /* germany@2x.png */ = {isa = PBXFileReference; lastKnownFileType = image.png; path = "germany@2x.png"; sourceTree = "<group>"; };
		CF8A810B22A5F09800A62CE3 /* ireland@2x.png */ = {isa = PBXFileReference; lastKnownFileType = image.png; path = "ireland@2x.png"; sourceTree = "<group>"; };
		CF8A810C22A5F09800A62CE3 /* poland@3x.png */ = {isa = PBXFileReference; lastKnownFileType = image.png; path = "poland@3x.png"; sourceTree = "<group>"; };
		CF8A810D22A5F09800A62CE3 /* russia@3x.png */ = {isa = PBXFileReference; lastKnownFileType = image.png; path = "russia@3x.png"; sourceTree = "<group>"; };
		CF8A810E22A5F09800A62CE3 /* uk@2x.png */ = {isa = PBXFileReference; lastKnownFileType = image.png; path = "uk@2x.png"; sourceTree = "<group>"; };
		CF8A810F22A5F09800A62CE3 /* monaco@2x.png */ = {isa = PBXFileReference; lastKnownFileType = image.png; path = "monaco@2x.png"; sourceTree = "<group>"; };
		CF8A811022A5F09800A62CE3 /* uk@3x.png */ = {isa = PBXFileReference; lastKnownFileType = image.png; path = "uk@3x.png"; sourceTree = "<group>"; };
		CF8A811122A5F09800A62CE3 /* us@2x.png */ = {isa = PBXFileReference; lastKnownFileType = image.png; path = "us@2x.png"; sourceTree = "<group>"; };
		CF8A811222A5F09800A62CE3 /* us@3x.png */ = {isa = PBXFileReference; lastKnownFileType = image.png; path = "us@3x.png"; sourceTree = "<group>"; };
		CF8A811322A5F09800A62CE3 /* russia@2x.png */ = {isa = PBXFileReference; lastKnownFileType = image.png; path = "russia@2x.png"; sourceTree = "<group>"; };
		CF8A811422A5F09800A62CE3 /* france@3x.png */ = {isa = PBXFileReference; lastKnownFileType = image.png; path = "france@3x.png"; sourceTree = "<group>"; };
		CF8A811522A5F09800A62CE3 /* italy@3x.png */ = {isa = PBXFileReference; lastKnownFileType = image.png; path = "italy@3x.png"; sourceTree = "<group>"; };
		CF8A811622A5F09800A62CE3 /* spain@3x.png */ = {isa = PBXFileReference; lastKnownFileType = image.png; path = "spain@3x.png"; sourceTree = "<group>"; };
		CF8A811722A5F09900A62CE3 /* estonia@2x.png */ = {isa = PBXFileReference; lastKnownFileType = image.png; path = "estonia@2x.png"; sourceTree = "<group>"; };
		CF8A811822A5F09900A62CE3 /* france@2x.png */ = {isa = PBXFileReference; lastKnownFileType = image.png; path = "france@2x.png"; sourceTree = "<group>"; };
		CF8A811922A5F09900A62CE3 /* ireland@3x.png */ = {isa = PBXFileReference; lastKnownFileType = image.png; path = "ireland@3x.png"; sourceTree = "<group>"; };
		CF8A813222A5F81700A62CE3 /* flagViewController.swift */ = {isa = PBXFileReference; lastKnownFileType = sourcecode.swift; path = flagViewController.swift; sourceTree = "<group>"; };
/* End PBXFileReference section */

/* Begin PBXFrameworksBuildPhase section */
		CF2C520822A5EF1000309A71 /* Frameworks */ = {
			isa = PBXFrameworksBuildPhase;
			buildActionMask = 2147483647;
			files = (
			);
			runOnlyForDeploymentPostprocessing = 0;
		};
/* End PBXFrameworksBuildPhase section */

/* Begin PBXGroup section */
		CF2C520222A5EF1000309A71 = {
			isa = PBXGroup;
			children = (
				CF2C520D22A5EF1100309A71 /* flagDisplay */,
				CF2C520C22A5EF1100309A71 /* Products */,
				CF8A811722A5F09900A62CE3 /* estonia@2x.png */,
				CF8A810622A5F09800A62CE3 /* estonia@3x.png */,
				CF8A811822A5F09900A62CE3 /* france@2x.png */,
				CF8A811422A5F09800A62CE3 /* france@3x.png */,
				CF8A810A22A5F09800A62CE3 /* germany@2x.png */,
				CF8A810222A5F09800A62CE3 /* germany@3x.png */,
				CF8A810B22A5F09800A62CE3 /* ireland@2x.png */,
				CF8A811922A5F09900A62CE3 /* ireland@3x.png */,
				CF8A810922A5F09800A62CE3 /* italy@2x.png */,
				CF8A811522A5F09800A62CE3 /* italy@3x.png */,
				CF8A810F22A5F09800A62CE3 /* monaco@2x.png */,
				CF8A810522A5F09800A62CE3 /* monaco@3x.png */,
				CF8A810422A5F09800A62CE3 /* nigeria@2x.png */,
				CF8A810822A5F09800A62CE3 /* nigeria@3x.png */,
				CF8A810722A5F09800A62CE3 /* poland@2x.png */,
				CF8A810C22A5F09800A62CE3 /* poland@3x.png */,
				CF8A811322A5F09800A62CE3 /* russia@2x.png */,
				CF8A810D22A5F09800A62CE3 /* russia@3x.png */,
				CF8A810322A5F09800A62CE3 /* spain@2x.png */,
				CF8A811622A5F09800A62CE3 /* spain@3x.png */,
				CF8A810E22A5F09800A62CE3 /* uk@2x.png */,
				CF8A811022A5F09800A62CE3 /* uk@3x.png */,
				CF8A811122A5F09800A62CE3 /* us@2x.png */,
				CF8A811222A5F09800A62CE3 /* us@3x.png */,
			);
			sourceTree = "<group>";
		};
		CF2C520C22A5EF1100309A71 /* Products */ = {
			isa = PBXGroup;
			children = (
				CF2C520B22A5EF1100309A71 /* flagDisplay.app */,
			);
			name = Products;
			sourceTree = "<group>";
		};
		CF2C520D22A5EF1100309A71 /* flagDisplay */ = {
			isa = PBXGroup;
			children = (
				CF2C520E22A5EF1100309A71 /* AppDelegate.swift */,
				CF2C521022A5EF1100309A71 /* ViewController.swift */,
				CF8A813222A5F81700A62CE3 /* flagViewController.swift */,
				CF2C521222A5EF1100309A71 /* Main.storyboard */,
				CF2C521522A5EF1100309A71 /* Assets.xcassets */,
				CF2C521722A5EF1100309A71 /* LaunchScreen.storyboard */,
				CF2C521A22A5EF1100309A71 /* Info.plist */,
			);
			path = flagDisplay;
			sourceTree = "<group>";
		};
/* End PBXGroup section */

/* Begin PBXNativeTarget section */
		CF2C520A22A5EF1000309A71 /* flagDisplay */ = {
			isa = PBXNativeTarget;
			buildConfigurationList = CF2C521D22A5EF1100309A71 /* Build configuration list for PBXNativeTarget "flagDisplay" */;
			buildPhases = (
				CF2C520722A5EF1000309A71 /* Sources */,
				CF2C520822A5EF1000309A71 /* Frameworks */,
				CF2C520922A5EF1000309A71 /* Resources */,
			);
			buildRules = (
			);
			dependencies = (
			);
			name = flagDisplay;
			productName = flagDisplay;
			productReference = CF2C520B22A5EF1100309A71 /* flagDisplay.app */;
			productType = "com.apple.product-type.application";
		};
/* End PBXNativeTarget section */

/* Begin PBXProject section */
		CF2C520322A5EF1000309A71 /* Project object */ = {
			isa = PBXProject;
			attributes = {
				LastSwiftUpdateCheck = 1010;
				LastUpgradeCheck = 1010;
				ORGANIZATIONNAME = "Enrique Florencio";
				TargetAttributes = {
					CF2C520A22A5EF1000309A71 = {
						CreatedOnToolsVersion = 10.1;
					};
				};
			};
			buildConfigurationList = CF2C520622A5EF1000309A71 /* Build configuration list for PBXProject "flagDisplay" */;
			compatibilityVersion = "Xcode 9.3";
			developmentRegion = en;
			hasScannedForEncodings = 0;
			knownRegions = (
				en,
				Base,
			);
			mainGroup = CF2C520222A5EF1000309A71;
			productRefGroup = CF2C520C22A5EF1100309A71 /* Products */;
			projectDirPath = "";
			projectRoot = "";
			targets = (
				CF2C520A22A5EF1000309A71 /* flagDisplay */,
			);
		};
/* End PBXProject section */

/* Begin PBXResourcesBuildPhase section */
		CF2C520922A5EF1000309A71 /* Resources */ = {
			isa = PBXResourcesBuildPhase;
			buildActionMask = 2147483647;
			files = (
				CF8A812922A5F09900A62CE3 /* us@2x.png in Resources */,
				CF8A812722A5F09900A62CE3 /* monaco@2x.png in Resources */,
				CF8A812322A5F09900A62CE3 /* ireland@2x.png in Resources */,
				CF8A812A22A5F09900A62CE3 /* us@3x.png in Resources */,
				CF8A811C22A5F09900A62CE3 /* nigeria@2x.png in Resources */,
				CF8A813022A5F09900A62CE3 /* france@2x.png in Resources */,
				CF8A812D22A5F09900A62CE3 /* italy@3x.png in Resources */,
				CF8A811D22A5F09900A62CE3 /* monaco@3x.png in Resources */,
				CF8A812222A5F09900A62CE3 /* germany@2x.png in Resources */,
				CF2C521922A5EF1100309A71 /* LaunchScreen.storyboard in Resources */,
				CF2C521622A5EF1100309A71 /* Assets.xcassets in Resources */,
				CF8A812F22A5F09900A62CE3 /* estonia@2x.png in Resources */,
				CF8A812622A5F09900A62CE3 /* uk@2x.png in Resources */,
				CF8A812B22A5F09900A62CE3 /* russia@2x.png in Resources */,
				CF2C521422A5EF1100309A71 /* Main.storyboard in Resources */,
				CF8A812E22A5F09900A62CE3 /* spain@3x.png in Resources */,
				CF8A812022A5F09900A62CE3 /* nigeria@3x.png in Resources */,
				CF8A813122A5F09900A62CE3 /* ireland@3x.png in Resources */,
				CF8A811F22A5F09900A62CE3 /* poland@2x.png in Resources */,
				CF8A811B22A5F09900A62CE3 /* spain@2x.png in Resources */,
				CF8A812122A5F09900A62CE3 /* italy@2x.png in Resources */,
				CF8A812422A5F09900A62CE3 /* poland@3x.png in Resources */,
				CF8A811A22A5F09900A62CE3 /* germany@3x.png in Resources */,
				CF8A812822A5F09900A62CE3 /* uk@3x.png in Resources */,
				CF8A812522A5F09900A62CE3 /* russia@3x.png in Resources */,
				CF8A812C22A5F09900A62CE3 /* france@3x.png in Resources */,
				CF8A811E22A5F09900A62CE3 /* estonia@3x.png in Resources */,
			);
			runOnlyForDeploymentPostprocessing = 0;
		};
/* End PBXResourcesBuildPhase section */

/* Begin PBXSourcesBuildPhase section */
		CF2C520722A5EF1000309A71 /* Sources */ = {
			isa = PBXSourcesBuildPhase;
			buildActionMask = 2147483647;
			files = (
				CF8A813322A5F81700A62CE3 /* flagViewController.swift in Sources */,
				CF2C521122A5EF1100309A71 /* ViewController.swift in Sources */,
				CF2C520F22A5EF1100309A71 /* AppDelegate.swift in Sources */,
			);
			runOnlyForDeploymentPostprocessing = 0;
		};
/* End PBXSourcesBuildPhase section */

/* Begin PBXVariantGroup section */
		CF2C521222A5EF1100309A71 /* Main.storyboard */ = {
			isa = PBXVariantGroup;
			children = (
				CF2C521322A5EF1100309A71 /* Base */,
			);
			name = Main.storyboard;
			sourceTree = "<group>";
		};
		CF2C521722A5EF1100309A71 /* LaunchScreen.storyboard */ = {
			isa = PBXVariantGroup;
			children = (
				CF2C521822A5EF1100309A71 /* Base */,
			);
			name = LaunchScreen.storyboard;
			sourceTree = "<group>";
		};
/* End PBXVariantGroup section */

/* Begin XCBuildConfiguration section */
		CF2C521B22A5EF1100309A71 /* Debug */ = {
			isa = XCBuildConfiguration;
			buildSettings = {
				ALWAYS_SEARCH_USER_PATHS = NO;
				CLANG_ANALYZER_NONNULL = YES;
				CLANG_ANALYZER_NUMBER_OBJECT_CONVERSION = YES_AGGRESSIVE;
				CLANG_CXX_LANGUAGE_STANDARD = "gnu++14";
				CLANG_CXX_LIBRARY = "libc++";
				CLANG_ENABLE_MODULES = YES;
				CLANG_ENABLE_OBJC_ARC = YES;
				CLANG_ENABLE_OBJC_WEAK = YES;
				CLANG_WARN_BLOCK_CAPTURE_AUTORELEASING = YES;
				CLANG_WARN_BOOL_CONVERSION = YES;
				CLANG_WARN_COMMA = YES;
				CLANG_WARN_CONSTANT_CONVERSION = YES;
				CLANG_WARN_DEPRECATED_OBJC_IMPLEMENTATIONS = YES;
				CLANG_WARN_DIRECT_OBJC_ISA_USAGE = YES_ERROR;
				CLANG_WARN_DOCUMENTATION_COMMENTS = YES;
				CLANG_WARN_EMPTY_BODY = YES;
				CLANG_WARN_ENUM_CONVERSION = YES;
				CLANG_WARN_INFINITE_RECURSION = YES;
				CLANG_WARN_INT_CONVERSION = YES;
				CLANG_WARN_NON_LITERAL_NULL_CONVERSION = YES;
				CLANG_WARN_OBJC_IMPLICIT_RETAIN_SELF = YES;
				CLANG_WARN_OBJC_LITERAL_CONVERSION = YES;
				CLANG_WARN_OBJC_ROOT_CLASS = YES_ERROR;
				CLANG_WARN_RANGE_LOOP_ANALYSIS = YES;
				CLANG_WARN_STRICT_PROTOTYPES = YES;
				CLANG_WARN_SUSPICIOUS_MOVE = YES;
				CLANG_WARN_UNGUARDED_AVAILABILITY = YES_AGGRESSIVE;
				CLANG_WARN_UNREACHABLE_CODE = YES;
				CLANG_WARN__DUPLICATE_METHOD_MATCH = YES;
				CODE_SIGN_IDENTITY = "iPhone Developer";
				COPY_PHASE_STRIP = NO;
				DEBUG_INFORMATION_FORMAT = dwarf;
				ENABLE_STRICT_OBJC_MSGSEND = YES;
				ENABLE_TESTABILITY = YES;
				GCC_C_LANGUAGE_STANDARD = gnu11;
				GCC_DYNAMIC_NO_PIC = NO;
				GCC_NO_COMMON_BLOCKS = YES;
				GCC_OPTIMIZATION_LEVEL = 0;
				GCC_PREPROCESSOR_DEFINITIONS = (
					"DEBUG=1",
					"$(inherited)",
				);
				GCC_WARN_64_TO_32_BIT_CONVERSION = YES;
				GCC_WARN_ABOUT_RETURN_TYPE = YES_ERROR;
				GCC_WARN_UNDECLARED_SELECTOR = YES;
				GCC_WARN_UNINITIALIZED_AUTOS = YES_AGGRESSIVE;
				GCC_WARN_UNUSED_FUNCTION = YES;
				GCC_WARN_UNUSED_VARIABLE = YES;
				IPHONEOS_DEPLOYMENT_TARGET = 12.1;
				MTL_ENABLE_DEBUG_INFO = INCLUDE_SOURCE;
				MTL_FAST_MATH = YES;
				ONLY_ACTIVE_ARCH = YES;
				SDKROOT = iphoneos;
				SWIFT_ACTIVE_COMPILATION_CONDITIONS = DEBUG;
				SWIFT_OPTIMIZATION_LEVEL = "-Onone";
			};
			name = Debug;
		};
		CF2C521C22A5EF1100309A71 /* Release */ = {
			isa = XCBuildConfiguration;
			buildSettings = {
				ALWAYS_SEARCH_USER_PATHS = NO;
				CLANG_ANALYZER_NONNULL = YES;
				CLANG_ANALYZER_NUMBER_OBJECT_CONVERSION = YES_AGGRESSIVE;
				CLANG_CXX_LANGUAGE_STANDARD = "gnu++14";
				CLANG_CXX_LIBRARY = "libc++";
				CLANG_ENABLE_MODULES = YES;
				CLANG_ENABLE_OBJC_ARC = YES;
				CLANG_ENABLE_OBJC_WEAK = YES;
				CLANG_WARN_BLOCK_CAPTURE_AUTORELEASING = YES;
				CLANG_WARN_BOOL_CONVERSION = YES;
				CLANG_WARN_COMMA = YES;
				CLANG_WARN_CONSTANT_CONVERSION = YES;
				CLANG_WARN_DEPRECATED_OBJC_IMPLEMENTATIONS = YES;
				CLANG_WARN_DIRECT_OBJC_ISA_USAGE = YES_ERROR;
				CLANG_WARN_DOCUMENTATION_COMMENTS = YES;
				CLANG_WARN_EMPTY_BODY = YES;
				CLANG_WARN_ENUM_CONVERSION = YES;
				CLANG_WARN_INFINITE_RECURSION = YES;
				CLANG_WARN_INT_CONVERSION = YES;
				CLANG_WARN_NON_LITERAL_NULL_CONVERSION = YES;
				CLANG_WARN_OBJC_IMPLICIT_RETAIN_SELF = YES;
				CLANG_WARN_OBJC_LITERAL_CONVERSION = YES;
				CLANG_WARN_OBJC_ROOT_CLASS = YES_ERROR;
				CLANG_WARN_RANGE_LOOP_ANALYSIS = YES;
				CLANG_WARN_STRICT_PROTOTYPES = YES;
				CLANG_WARN_SUSPICIOUS_MOVE = YES;
				CLANG_WARN_UNGUARDED_AVAILABILITY = YES_AGGRESSIVE;
				CLANG_WARN_UNREACHABLE_CODE = YES;
				CLANG_WARN__DUPLICATE_METHOD_MATCH = YES;
				CODE_SIGN_IDENTITY = "iPhone Developer";
				COPY_PHASE_STRIP = NO;
				DEBUG_INFORMATION_FORMAT = "dwarf-with-dsym";
				ENABLE_NS_ASSERTIONS = NO;
				ENABLE_STRICT_OBJC_MSGSEND = YES;
				GCC_C_LANGUAGE_STANDARD = gnu11;
				GCC_NO_COMMON_BLOCKS = YES;
				GCC_WARN_64_TO_32_BIT_CONVERSION = YES;
				GCC_WARN_ABOUT_RETURN_TYPE = YES_ERROR;
				GCC_WARN_UNDECLARED_SELECTOR = YES;
				GCC_WARN_UNINITIALIZED_AUTOS = YES_AGGRESSIVE;
				GCC_WARN_UNUSED_FUNCTION = YES;
				GCC_WARN_UNUSED_VARIABLE = YES;
				IPHONEOS_DEPLOYMENT_TARGET = 12.1;
				MTL_ENABLE_DEBUG_INFO = NO;
				MTL_FAST_MATH = YES;
				SDKROOT = iphoneos;
				SWIFT_COMPILATION_MODE = wholemodule;
				SWIFT_OPTIMIZATION_LEVEL = "-O";
				VALIDATE_PRODUCT = YES;
			};
			name = Release;
		};
		CF2C521E22A5EF1100309A71 /* Debug */ = {
			isa = XCBuildConfiguration;
			buildSettings = {
				ASSETCATALOG_COMPILER_APPICON_NAME = AppIcon;
				CODE_SIGN_STYLE = Automatic;
				DEVELOPMENT_TEAM = 2E24SPH2ZV;
				INFOPLIST_FILE = flagDisplay/Info.plist;
				LD_RUNPATH_SEARCH_PATHS = (
					"$(inherited)",
					"@executable_path/Frameworks",
				);
				PRODUCT_BUNDLE_IDENTIFIER = com.enriqueflorencio.flagDisplay;
				PRODUCT_NAME = "$(TARGET_NAME)";
				SWIFT_VERSION = 4.2;
				TARGETED_DEVICE_FAMILY = "1,2";
			};
			name = Debug;
		};
		CF2C521F22A5EF1100309A71 /* Release */ = {
			isa = XCBuildConfiguration;
			buildSettings = {
				ASSETCATALOG_COMPILER_APPICON_NAME = AppIcon;
				CODE_SIGN_STYLE = Automatic;
				DEVELOPMENT_TEAM = 2E24SPH2ZV;
				INFOPLIST_FILE = flagDisplay/Info.plist;
				LD_RUNPATH_SEARCH_PATHS = (
					"$(inherited)",
					"@executable_path/Frameworks",
				);
				PRODUCT_BUNDLE_IDENTIFIER = com.enriqueflorencio.flagDisplay;
				PRODUCT_NAME = "$(TARGET_NAME)";
				SWIFT_VERSION = 4.2;
				TARGETED_DEVICE_FAMILY = "1,2";
			};
			name = Release;
		};
/* End XCBuildConfiguration section */

/* Begin XCConfigurationList section */
		CF2C520622A5EF1000309A71 /* Build configuration list for PBXProject "flagDisplay" */ = {
			isa = XCConfigurationList;
			buildConfigurations = (
				CF2C521B22A5EF1100309A71 /* Debug */,
				CF2C521C22A5EF1100309A71 /* Release */,
			);
			defaultConfigurationIsVisible = 0;
			defaultConfigurationName = Release;
		};
		CF2C521D22A5EF1100309A71 /* Build configuration list for PBXNativeTarget "flagDisplay" */ = {
			isa = XCConfigurationList;
			buildConfigurations = (
				CF2C521E22A5EF1100309A71 /* Debug */,
				CF2C521F22A5EF1100309A71 /* Release */,
			);
			defaultConfigurationIsVisible = 0;
			defaultConfigurationName = Release;
		};
/* End XCConfigurationList section */
	};
	rootObject = CF2C520322A5EF1000309A71 /* Project object */;
}
